
Microsoft Visual Studio Solution File, Format Version 12.00
# Visual Studio Version 17
VisualStudioVersion = 17.2.32630.192
MinimumVisualStudioVersion = 10.0.40219.1
Project("{FAE04EC0-301F-11D3-BF4B-00C04F79EFBC}") = "09ClickingGame", "09ClickingGame\09ClickingGame.csproj", "{7D3C4832-AED8-4573-9531-A924A2D7A618}"
EndProject
Global
	GlobalSection(SolutionConfigurationPlatforms) = preSolution
		Debug|Any CPU = Debug|Any CPU
		Release|Any CPU = Release|Any CPU
	EndGlobalSection
	GlobalSection(ProjectConfigurationPlatforms) = postSolution
		{7D3C4832-AED8-4573-9531-A924A2D7A618}.Debug|Any CPU.ActiveCfg = Debug|Any CPU
		{7D3C4832-AED8-4573-9531-A924A2D7A618}.Debug|Any CPU.Build.0 = Debug|Any CPU
		{7D3C4832-AED8-4573-9531-A924A2D7A618}.Release|Any CPU.ActiveCfg = Release|Any CPU
		{7D3C4832-AED8-4573-9531-A924A2D7A618}.Release|Any CPU.Build.0 = Release|Any CPU
	EndGlobalSection
	GlobalSection(SolutionProperties) = preSolution
		HideSolutionNode = FALSE
	EndGlobalSection
	GlobalSection(ExtensibilityGlobals) = postSolution
		SolutionGuid = {7BD4A68C-D0AC-40F0-A6DA-2A2973BD185E}
	EndGlobalSection
EndGlobal
